{
  "lockfileVersion": 1,
  "configVersion": 1,
  "workspaces": {
    "": {
      "name": "capacitor-notification-listener",
      "devDependencies": {
        "typescript": "^5.6.0",
      },
      "peerDependencies": {
        "@capacitor/core": "^7.0.0",
      },
    },
  },
  "packages": {
    "@capacitor/core": ["@capacitor/core@7.4.4", "", { "dependencies": { "tslib": "^2.1.0" } }, "sha512-xzjxpr+d2zwTpCaN0k+C6wKSZzWFAb9OVEUtmO72ihjr/NEDoLvsGl4WLfjWPcCO2zOy0b2X52tfRWjECFUjtw=="],

    "tslib": ["tslib@2.8.1", "", {}, "sha512-oJFu94HQb+KVduSUQL7wnpmqnfmLsOA/nAh6b6EH0wCEoK0/mPeXU6c3wKDV83MkOuHPRHtSXKKU99IBazS/2w=="],

    "typescript": ["typescript@5.9.3", "", { "bin": { "tsc": "bin/tsc", "tsserver": "bin/tsserver" } }, "sha512-jl1vZzPDinLr9eUt3J/t7V6FgNEw9QjvBPdysz9KfQDD41fQrC2Y4vKQdiaUpFT4bXlb1RHhLpp8wtm6M5TgSw=="],
  }
}
